dependencies:
- name: cluster
  repository: https://cloudnative-pg.github.io/charts
  version: 0.3.1
- name: redis
  repository: https://charts.bitnami.com/bitnami
  version: 25.3.5
digest: sha256:b6738934cfc1a1e9225011c3ac8209d0e514edbb7c3eeebb06d8b27f2405eb40
generated: "2026-03-18T16:09:24.437461826+01:00"
