dependencies:
- name: indexer
  repository: file://charts/indexer
  version: 0.1.0
- name: query
  repository: file://charts/query
  version: 0.1.0
- name: cluster
  repository: https://cloudnative-pg.github.io/charts
  version: 0.3.1
digest: sha256:c57fbea42b39e5bae6dd75c290f91746d4fc6932ac6879c78f285fe13ba9954a
generated: "2025-08-27T10:52:33.864896617+02:00"
